
Microsoft Visual Studio Solution File, Format Version 12.00
# Visual Studio Version 17
VisualStudioVersion = 17.2.32210.308
MinimumVisualStudioVersion = 10.0.40219.1
Project("{FAE04EC0-301F-11D3-BF4B-00C04F79EFBC}") = "T01_WebApp", "T01_WebApp\T01_WebApp.csproj", "{C4070BF6-5F70-4626-A9CF-4B79E0FE5761}"
EndProject
Global
	GlobalSection(SolutionConfigurationPlatforms) = preSolution
		Debug|Any CPU = Debug|Any CPU
		Release|Any CPU = Release|Any CPU
	EndGlobalSection
	GlobalSection(ProjectConfigurationPlatforms) = postSolution
		{C4070BF6-5F70-4626-A9CF-4B79E0FE5761}.Debug|Any CPU.ActiveCfg = Debug|Any CPU
		{C4070BF6-5F70-4626-A9CF-4B79E0FE5761}.Debug|Any CPU.Build.0 = Debug|Any CPU
		{C4070BF6-5F70-4626-A9CF-4B79E0FE5761}.Release|Any CPU.ActiveCfg = Release|Any CPU
		{C4070BF6-5F70-4626-A9CF-4B79E0FE5761}.Release|Any CPU.Build.0 = Release|Any CPU
	EndGlobalSection
	GlobalSection(SolutionProperties) = preSolution
		HideSolutionNode = FALSE
	EndGlobalSection
	GlobalSection(ExtensibilityGlobals) = postSolution
		SolutionGuid = {0C2DA042-F975-4F5A-B404-DE8F86C4B971}
	EndGlobalSection
EndGlobal
